
Microsoft Visual Studio Solution File, Format Version 12.00
# Visual Studio 15
VisualStudioVersion = 15.0.26124.0
MinimumVisualStudioVersion = 15.0.26124.0
Project("{5AEBB697-8317-4441-8F97-33D4CB83E779}") = "ProjectTemplate", "ProjectTemplate\ProjectTemplate.csproj", "{4634EDE9-1CBE-44B0-8899-2D53FC6C9D3C}"
EndProject
Project("{5AEBB697-8317-4441-8F97-33D4CB83E779}") = "ProjectTemplate.Tests", "ProjectTemplate.Tests\ProjectTemplate.Tests.csproj", "{EDCA28A0-5576-4188-A3BA-F3BB1A77B7A9}"
EndProject
Global
	GlobalSection(SolutionConfigurationPlatforms) = preSolution
		Debug|Any CPU = Debug|Any CPU
		Debug|x64 = Debug|x64
		Debug|x86 = Debug|x86
		Release|Any CPU = Release|Any CPU
		Release|x64 = Release|x64
		Release|x86 = Release|x86
	EndGlobalSection
	GlobalSection(SolutionProperties) = preSolution
		HideSolutionNode = FALSE
	EndGlobalSection
	GlobalSection(ProjectConfigurationPlatforms) = postSolution
		{4634EDE9-1CBE-44B0-8899-2D53FC6C9D3C}.Debug|Any CPU.ActiveCfg = Debug|Any CPU
		{4634EDE9-1CBE-44B0-8899-2D53FC6C9D3C}.Debug|Any CPU.Build.0 = Debug|Any CPU
		{4634EDE9-1CBE-44B0-8899-2D53FC6C9D3C}.Debug|x64.ActiveCfg = Debug|Any CPU
		{4634EDE9-1CBE-44B0-8899-2D53FC6C9D3C}.Debug|x64.Build.0 = Debug|Any CPU
		{4634EDE9-1CBE-44B0-8899-2D53FC6C9D3C}.Debug|x86.ActiveCfg = Debug|Any CPU
		{4634EDE9-1CBE-44B0-8899-2D53FC6C9D3C}.Debug|x86.Build.0 = Debug|Any CPU
		{4634EDE9-1CBE-44B0-8899-2D53FC6C9D3C}.Release|Any CPU.ActiveCfg = Release|Any CPU
		{4634EDE9-1CBE-44B0-8899-2D53FC6C9D3C}.Release|Any CPU.Build.0 = Release|Any CPU
		{4634EDE9-1CBE-44B0-8899-2D53FC6C9D3C}.Release|x64.ActiveCfg = Release|Any CPU
		{4634EDE9-1CBE-44B0-8899-2D53FC6C9D3C}.Release|x64.Build.0 = Release|Any CPU
		{4634EDE9-1CBE-44B0-8899-2D53FC6C9D3C}.Release|x86.ActiveCfg = Release|Any CPU
		{4634EDE9-1CBE-44B0-8899-2D53FC6C9D3C}.Release|x86.Build.0 = Release|Any CPU
		{EDCA28A0-5576-4188-A3BA-F3BB1A77B7A9}.Debug|Any CPU.ActiveCfg = Debug|Any CPU
		{EDCA28A0-5576-4188-A3BA-F3BB1A77B7A9}.Debug|Any CPU.Build.0 = Debug|Any CPU
		{EDCA28A0-5576-4188-A3BA-F3BB1A77B7A9}.Debug|x64.ActiveCfg = Debug|Any CPU
		{EDCA28A0-5576-4188-A3BA-F3BB1A77B7A9}.Debug|x64.Build.0 = Debug|Any CPU
		{EDCA28A0-5576-4188-A3BA-F3BB1A77B7A9}.Debug|x86.ActiveCfg = Debug|Any CPU
		{EDCA28A0-5576-4188-A3BA-F3BB1A77B7A9}.Debug|x86.Build.0 = Debug|Any CPU
		{EDCA28A0-5576-4188-A3BA-F3BB1A77B7A9}.Release|Any CPU.ActiveCfg = Release|Any CPU
		{EDCA28A0-5576-4188-A3BA-F3BB1A77B7A9}.Release|Any CPU.Build.0 = Release|Any CPU
		{EDCA28A0-5576-4188-A3BA-F3BB1A77B7A9}.Release|x64.ActiveCfg = Release|Any CPU
		{EDCA28A0-5576-4188-A3BA-F3BB1A77B7A9}.Release|x64.Build.0 = Release|Any CPU
		{EDCA28A0-5576-4188-A3BA-F3BB1A77B7A9}.Release|x86.ActiveCfg = Release|Any CPU
		{EDCA28A0-5576-4188-A3BA-F3BB1A77B7A9}.Release|x86.Build.0 = Release|Any CPU
	EndGlobalSection
EndGlobal
